
Microsoft Visual Studio Solution File, Format Version 12.00
# Visual Studio Version 17
VisualStudioVersion = 17.8.34309.116
MinimumVisualStudioVersion = 10.0.40219.1
Project("{FAE04EC0-301F-11D3-BF4B-00C04F79EFBC}") = "Example3", "Example3.csproj", "{EB220325-CD36-4DA9-92A0-363D6D853E33}"
EndProject
Project("{9A19103F-16F7-4668-BE54-9A1E7A4F7556}") = "Example2", "..\Example2\Example2.csproj", "{568A21DE-9490-4BFD-9F1E-50C8D25AAD8B}"
EndProject
Global
	GlobalSection(SolutionConfigurationPlatforms) = preSolution
		Debug|Any CPU = Debug|Any CPU
		Release|Any CPU = Release|Any CPU
	EndGlobalSection
	GlobalSection(ProjectConfigurationPlatforms) = postSolution
		{EB220325-CD36-4DA9-92A0-363D6D853E33}.Debug|Any CPU.ActiveCfg = Debug|Any CPU
		{EB220325-CD36-4DA9-92A0-363D6D853E33}.Debug|Any CPU.Build.0 = Debug|Any CPU
		{EB220325-CD36-4DA9-92A0-363D6D853E33}.Release|Any CPU.ActiveCfg = Release|Any CPU
		{EB220325-CD36-4DA9-92A0-363D6D853E33}.Release|Any CPU.Build.0 = Release|Any CPU
		{568A21DE-9490-4BFD-9F1E-50C8D25AAD8B}.Debug|Any CPU.ActiveCfg = Debug|Any CPU
		{568A21DE-9490-4BFD-9F1E-50C8D25AAD8B}.Debug|Any CPU.Build.0 = Debug|Any CPU
		{568A21DE-9490-4BFD-9F1E-50C8D25AAD8B}.Release|Any CPU.ActiveCfg = Release|Any CPU
		{568A21DE-9490-4BFD-9F1E-50C8D25AAD8B}.Release|Any CPU.Build.0 = Release|Any CPU
	EndGlobalSection
	GlobalSection(SolutionProperties) = preSolution
		HideSolutionNode = FALSE
	EndGlobalSection
	GlobalSection(ExtensibilityGlobals) = postSolution
		SolutionGuid = {BA79F681-28BD-4811-AE60-904AA980A734}
	EndGlobalSection
EndGlobal
